
Microsoft Visual Studio Solution File, Format Version 12.00
# Visual Studio Version 17
VisualStudioVersion = 17.0.32014.148
MinimumVisualStudioVersion = 10.0.40219.1
Project("{FAE04EC0-301F-11D3-BF4B-00C04F79EFBC}") = "PhysicsServer", "PhysicsServer\PhysicsServer.csproj", "{B4EF20D2-99B3-4A4A-B872-8157065C769A}"
EndProject
Global
	GlobalSection(SolutionConfigurationPlatforms) = preSolution
		Debug|Any CPU = Debug|Any CPU
		Release|Any CPU = Release|Any CPU
	EndGlobalSection
	GlobalSection(ProjectConfigurationPlatforms) = postSolution
		{B4EF20D2-99B3-4A4A-B872-8157065C769A}.Debug|Any CPU.ActiveCfg = Debug|Any CPU
		{B4EF20D2-99B3-4A4A-B872-8157065C769A}.Debug|Any CPU.Build.0 = Debug|Any CPU
		{B4EF20D2-99B3-4A4A-B872-8157065C769A}.Release|Any CPU.ActiveCfg = Release|Any CPU
		{B4EF20D2-99B3-4A4A-B872-8157065C769A}.Release|Any CPU.Build.0 = Release|Any CPU
	EndGlobalSection
	GlobalSection(SolutionProperties) = preSolution
		HideSolutionNode = FALSE
	EndGlobalSection
	GlobalSection(ExtensibilityGlobals) = postSolution
		SolutionGuid = {B22CB418-C1E0-47FF-A72A-4BCE5644F597}
	EndGlobalSection
EndGlobal
